{
  "nodes": {
    "catppuccin": {
      "inputs": {
        "nixpkgs": "nixpkgs"
      },
      "locked": {
        "lastModified": 1785485193,
        "narHash": "sha256-JgUmb34d3Zv1W5fYukqEUEDHSaWhw7WV9HVUXOmOCaA=",
        "owner": "catppuccin",
        "repo": "nix",
        "rev": "41c4ebf8cb3e4052001947a457b4ac093e5dc119",
        "type": "github"
      },
      "original": {
        "owner": "catppuccin",
        "repo": "nix",
        "type": "github"
      }
    },
    "dank-qml-common": {
      "flake": false,
      "locked": {
        "lastModified": 1785445867,
        "narHash": "sha256-l9IRsLIVZ7bV+KMuTdCga89tGt4lpdMXhQR7f/2qoe4=",
        "owner": "AvengeMedia",
        "repo": "dank-qml-common",
        "rev": "3b06bd9372e18bc8086cc3958d4f677d57fbfdd8",
        "type": "github"
      },
      "original": {
        "owner": "AvengeMedia",
        "repo": "dank-qml-common",
        "type": "github"
      }
    },
    "diniamo": {
      "inputs": {
        "dsync": "dsync",
        "flake-parts": "flake-parts",
        "flint": "flint",
        "nixpkgs": [
          "nixpkgs"
        ],
        "nq": "nq",
        "systems": "systems",
        "watt": "watt",
        "wiremix": "wiremix"
      },
      "locked": {
        "lastModified": 1770459190,
        "narHash": "sha256-WQLwbfnl1NsSUpF08KmGgY0TgX93qXbBc2H4Fxqp7zM=",
        "owner": "diniamo",
        "repo": "niqspkgs",
        "rev": "d3ecf69607638ff323ea735d71cca826d4e70098",
        "type": "github"
      },
      "original": {
        "owner": "diniamo",
        "repo": "niqspkgs",
        "type": "github"
      }
    },
    "dix": {
      "inputs": {
        "fenix": "fenix",
        "nixpkgs": [
          "diniamo",
          "nq",
          "nixpkgs"
        ],
        "systems": [
          "diniamo",
          "nq",
          "systems"
        ]
      },
      "locked": {
        "lastModified": 1753646251,
        "narHash": "sha256-Gq5Nr6xVGpAf1XnYrmoeyvqVgffAi8R6QETJU3xv22M=",
        "owner": "bloxx12",
        "repo": "dix",
        "rev": "28ba934ac190e637d520ff3055f786077729638e",
        "type": "github"
      },
      "original": {
        "owner": "bloxx12",
        "repo": "dix",
        "type": "github"
      }
    },
    "dms": {
      "inputs": {
        "dank-qml-common": "dank-qml-common",
        "flake-compat": "flake-compat",
        "nixpkgs": [
          "nixpkgs"
        ]
      },
      "locked": {
        "lastModified": 1785809393,
        "narHash": "sha256-lZtQZpPMrmr6xUATMXfJgj/rOZRm6Diw7cIDvS50E9k=",
        "owner": "AvengeMedia",
        "repo": "DankMaterialShell",
        "rev": "6de5593216548551db507cecde581558475972a6",
        "type": "github"
      },
      "original": {
        "owner": "AvengeMedia",
        "repo": "DankMaterialShell",
        "type": "github"
      }
    },
    "dsync": {
      "inputs": {
        "nixpkgs": [
          "diniamo",
          "nixpkgs"
        ],
        "systems": [
          "diniamo",
          "systems"
        ]
      },
      "locked": {
        "lastModified": 1753520198,
        "narHash": "sha256-lzzD4+VngxxHyGXf7nG1EDixV8tE52E32doPBJBwK20=",
        "owner": "diniamo",
        "repo": "dsync",
        "rev": "3e6126425a82b7c83034f5f4206e0cca972acfd0",
        "type": "github"
      },
      "original": {
        "owner": "diniamo",
        "repo": "dsync",
        "type": "github"
      }
    },
    "fenix": {
      "inputs": {
        "nixpkgs": [
          "diniamo",
          "nq",
          "dix",
          "nixpkgs"
        ],
        "rust-analyzer-src": "rust-analyzer-src"
      },
      "locked": {
        "lastModified": 1753598717,
        "narHash": "sha256-Kn5J8HDd+k51c72upNc9IKmIaqN+AqrZfhcU5rDEMHo=",
        "owner": "nix-community",
        "repo": "fenix",
        "rev": "1dd2e6a479e1d6210d67bf10a119e10c508d9b5f",
        "type": "github"
      },
      "original": {
        "owner": "nix-community",
        "repo": "fenix",
        "type": "github"
      }
    },
    "fish-fzf-bd": {
      "flake": false,
      "locked": {
        "lastModified": 1737971088,
        "narHash": "sha256-NAErU+F7CTf0wOfR1zfxw2TRBLPIHe5QDjEhyjCNLJE=",
        "owner": "yuys13",
        "repo": "fish-fzf-bd",
        "rev": "fcbe9f6a75510365638dc6f790544c55ecb0ec3b",
        "type": "github"
      },
      "original": {
        "owner": "yuys13",
        "repo": "fish-fzf-bd",
        "type": "github"
      }
    },
    "fish-ghq": {
      "flake": false,
      "locked": {
        "lastModified": 1626409029,
        "narHash": "sha256-6b1zmjtemNLNPx4qsXtm27AbtjwIZWkzJAo21/aVZzM=",
        "owner": "decors",
        "repo": "fish-ghq",
        "rev": "cafaaabe63c124bf0714f89ec715cfe9ece87fa2",
        "type": "github"
      },
      "original": {
        "owner": "decors",
        "repo": "fish-ghq",
        "type": "github"
      }
    },
    "flake-compat": {
      "flake": false,
      "locked": {
        "lastModified": 1767039857,
        "narHash": "sha256-vNpUSpF5Nuw8xvDLj2KCwwksIbjua2LZCqhV1LNRDns=",
        "owner": "NixOS",
        "repo": "flake-compat",
        "rev": "5edf11c44bc78a0d334f6334cdaf7d60d732daab",
        "type": "github"
      },
      "original": {
        "owner": "NixOS",
        "repo": "flake-compat",
        "type": "github"
      }
    },
    "flake-parts": {
      "inputs": {
        "nixpkgs-lib": [
          "diniamo",
          "nixpkgs"
        ]
      },
      "locked": {
        "lastModified": 1768135262,
        "narHash": "sha256-PVvu7OqHBGWN16zSi6tEmPwwHQ4rLPU9Plvs8/1TUBY=",
        "owner": "hercules-ci",
        "repo": "flake-parts",
        "rev": "80daad04eddbbf5a4d883996a73f3f542fa437ac",
        "type": "github"
      },
      "original": {
        "owner": "hercules-ci",
        "repo": "flake-parts",
        "type": "github"
      }
    },
    "flake-parts_2": {
      "inputs": {
        "nixpkgs-lib": "nixpkgs-lib"
      },
      "locked": {
        "lastModified": 1785627969,
        "narHash": "sha256-4dtXQk/NMePegK/nWp5NSeuZKLATItOq61lpEvmXqGw=",
        "owner": "hercules-ci",
        "repo": "flake-parts",
        "rev": "427bf4bd9435fdf21321c8cc628c24efc14c0f7a",
        "type": "github"
      },
      "original": {
        "owner": "hercules-ci",
        "repo": "flake-parts",
        "type": "github"
      }
    },
    "flake-parts_3": {
      "inputs": {
        "nixpkgs-lib": "nixpkgs-lib_2"
      },
      "locked": {
        "lastModified": 1768135262,
        "narHash": "sha256-PVvu7OqHBGWN16zSi6tEmPwwHQ4rLPU9Plvs8/1TUBY=",
        "owner": "hercules-ci",
        "repo": "flake-parts",
        "rev": "80daad04eddbbf5a4d883996a73f3f542fa437ac",
        "type": "github"
      },
      "original": {
        "owner": "hercules-ci",
        "repo": "flake-parts",
        "type": "github"
      }
    },
    "flint": {
      "inputs": {
        "nixpkgs": [
          "diniamo",
          "nixpkgs"
        ]
      },
      "locked": {
        "lastModified": 1767431140,
        "narHash": "sha256-ug37Jt6r8LP3161suTh6IW+fkx0a7kiSAhAPsVcPrkA=",
        "owner": "NotAShelf",
        "repo": "flint",
        "rev": "7832a5b5f5ef1243818f8f5e357ad1ee2d35d2b7",
        "type": "github"
      },
      "original": {
        "owner": "NotAShelf",
        "repo": "flint",
        "type": "github"
      }
    },
    "home-manager": {
      "inputs": {
        "nixpkgs": [
          "nixpkgs"
        ]
      },
      "locked": {
        "lastModified": 1785531816,
        "narHash": "sha256-vkMnV0JIyw+g/NmcfoajlGaAO+9a0ezia+FZohQJrik=",
        "owner": "nix-community",
        "repo": "home-manager",
        "rev": "bf9ce9fec78f95f374e8dd3b503863a3ec128ebe",
        "type": "github"
      },
      "original": {
        "owner": "nix-community",
        "repo": "home-manager",
        "type": "github"
      }
    },
    "home-manager_2": {
      "inputs": {
        "nixpkgs": [
          "zen-browser",
          "nixpkgs"
        ]
      },
      "locked": {
        "lastModified": 1785531816,
        "narHash": "sha256-vkMnV0JIyw+g/NmcfoajlGaAO+9a0ezia+FZohQJrik=",
        "owner": "nix-community",
        "repo": "home-manager",
        "rev": "bf9ce9fec78f95f374e8dd3b503863a3ec128ebe",
        "type": "github"
      },
      "original": {
        "owner": "nix-community",
        "repo": "home-manager",
        "type": "github"
      }
    },
    "my": {
      "inputs": {
        "flake-parts": "flake-parts_3",
        "nixpkgs": [
          "nixpkgs"
        ]
      },
      "locked": {
        "path": "../..",
        "type": "path"
      },
      "original": {
        "path": "../..",
        "type": "path"
      },
      "parent": []
    },
    "niri-flake": {
      "inputs": {
        "niri-stable": "niri-stable",
        "niri-unstable": "niri-unstable",
        "nixpkgs": "nixpkgs_2",
        "nixpkgs-stable": "nixpkgs-stable",
        "xwayland-satellite-stable": "xwayland-satellite-stable",
        "xwayland-satellite-unstable": "xwayland-satellite-unstable"
      },
      "locked": {
        "lastModified": 1785753837,
        "narHash": "sha256-Lyy16y+SnRqM+vwODCWYYwwvYkKMPPpc1p6l4wevR0M=",
        "owner": "sodiboo",
        "repo": "niri-flake",
        "rev": "3c93dc3656160f3aedb21d3acf82b5dfe868a539",
        "type": "github"
      },
      "original": {
        "owner": "sodiboo",
        "repo": "niri-flake",
        "type": "github"
      }
    },
    "niri-stable": {
      "flake": false,
      "locked": {
        "lastModified": 1756556321,
        "narHash": "sha256-RLD89dfjN0RVO86C/Mot0T7aduCygPGaYbog566F0Qo=",
        "owner": "YaLTeR",
        "repo": "niri",
        "rev": "01be0e65f4eb91a9cd624ac0b76aaeab765c7294",
        "type": "github"
      },
      "original": {
        "owner": "YaLTeR",
        "ref": "v25.08",
        "repo": "niri",
        "type": "github"
      }
    },
    "niri-unstable": {
      "flake": false,
      "locked": {
        "lastModified": 1785701241,
        "narHash": "sha256-ircVOzPWRircI39ac/tqJajr5OoJxEVrDlBb05TULEk=",
        "owner": "YaLTeR",
        "repo": "niri",
        "rev": "feb3e43f1475e0865bb89cbd1e898b34d1d2ccf6",
        "type": "github"
      },
      "original": {
        "owner": "YaLTeR",
        "repo": "niri",
        "type": "github"
      }
    },
    "nixpkgs": {
      "locked": {
        "lastModified": 1785301185,
        "narHash": "sha256-PlAXr9kpfXhMFU0OQ7qtE8FhLQo21WXFVGqIC85UFyc=",
        "rev": "9bc02893134c733dd85de46ee4fb2fac696b5529",
        "type": "tarball",
        "url": "https://releases.nixos.org/nixpkgs/nixpkgs-26.11pre1043539.9bc02893134c/nixexprs.tar.xz"
      },
      "original": {
        "type": "tarball",
        "url": "https://channels.nixos.org/nixpkgs-unstable/nixexprs.tar.xz"
      }
    },
    "nixpkgs-lib": {
      "locked": {
        "lastModified": 1785031560,
        "narHash": "sha256-OmshNvn2vupOFpYinLUu+1Dnpu4n7Q5N3ggGVNHpkUI=",
        "owner": "nix-community",
        "repo": "nixpkgs.lib",
        "rev": "0e79af5e3d4dcfcd676ab5ba3f95d2e3352e078c",
        "type": "github"
      },
      "original": {
        "owner": "nix-community",
        "repo": "nixpkgs.lib",
        "type": "github"
      }
    },
    "nixpkgs-lib_2": {
      "locked": {
        "lastModified": 1765674936,
        "narHash": "sha256-k00uTP4JNfmejrCLJOwdObYC9jHRrr/5M/a/8L2EIdo=",
        "owner": "nix-community",
        "repo": "nixpkgs.lib",
        "rev": "2075416fcb47225d9b68ac469a5c4801a9c4dd85",
        "type": "github"
      },
      "original": {
        "owner": "nix-community",
        "repo": "nixpkgs.lib",
        "type": "github"
      }
    },
    "nixpkgs-libxml2": {
      "locked": {
        "lastModified": 1751274312,
        "narHash": "sha256-/bVBlRpECLVzjV19t5KMdMFWSwKLtb5RyXdjz3LJT+g=",
        "owner": "NixOS",
        "repo": "nixpkgs",
        "rev": "50ab793786d9de88ee30ec4e4c24fb4236fc2674",
        "type": "github"
      },
      "original": {
        "owner": "NixOS",
        "ref": "nixos-24.11",
        "repo": "nixpkgs",
        "type": "github"
      }
    },
    "nixpkgs-stable": {
      "locked": {
        "lastModified": 1782847189,
        "narHash": "sha256-twXPFqFsrrY5r28Zh7Homgcp2gUMBgQ6WDS98Q/3xFI=",
        "owner": "NixOS",
        "repo": "nixpkgs",
        "rev": "b6018f87da91d19d0ab4cf979885689b469cdd41",
        "type": "github"
      },
      "original": {
        "owner": "NixOS",
        "ref": "nixos-25.11",
        "repo": "nixpkgs",
        "type": "github"
      }
    },
    "nixpkgs_2": {
      "locked": {
        "lastModified": 1785692966,
        "narHash": "sha256-vUfIeBEfpbAfZ5zjgIkYk7eHBeVfCYVjLbWnMkseYnk=",
        "owner": "NixOS",
        "repo": "nixpkgs",
        "rev": "643809054d65fdd466a63e3155b8c498cb483c04",
        "type": "github"
      },
      "original": {
        "owner": "NixOS",
        "ref": "nixos-unstable",
        "repo": "nixpkgs",
        "type": "github"
      }
    },
    "nixpkgs_3": {
      "locked": {
        "lastModified": 1785747939,
        "narHash": "sha256-D740uKsMbgsfK2oaDenJLLPIZfq7W0/g4KN/Fls8eKs=",
        "owner": "NixOS",
        "repo": "nixpkgs",
        "rev": "104240a772428cc2e20d8fd86c9ddbb886bbaff2",
        "type": "github"
      },
      "original": {
        "owner": "NixOS",
        "ref": "nixpkgs-unstable",
        "repo": "nixpkgs",
        "type": "github"
      }
    },
    "nixpkgs_4": {
      "locked": {
        "lastModified": 1772542754,
        "narHash": "sha256-WGV2hy+VIeQsYXpsLjdr4GvHv5eECMISX1zKLTedhdg=",
        "owner": "NixOS",
        "repo": "nixpkgs",
        "rev": "8c809a146a140c5c8806f13399592dbcb1bb5dc4",
        "type": "github"
      },
      "original": {
        "owner": "NixOS",
        "ref": "nixos-unstable",
        "repo": "nixpkgs",
        "type": "github"
      }
    },
    "nixpkgs_5": {
      "locked": {
        "lastModified": 1778869304,
        "narHash": "sha256-30sZNZoA1cqF5JNO9fVX+wgiQYjB7HJqqJ4ztCDeBZE=",
        "owner": "NixOS",
        "repo": "nixpkgs",
        "rev": "d233902339c02a9c334e7e593de68855ad26c4cb",
        "type": "github"
      },
      "original": {
        "owner": "NixOS",
        "ref": "nixos-unstable",
        "repo": "nixpkgs",
        "type": "github"
      }
    },
    "nq": {
      "inputs": {
        "dix": "dix",
        "flake-parts": [
          "diniamo",
          "flake-parts"
        ],
        "nixpkgs": [
          "diniamo",
          "nixpkgs"
        ],
        "systems": [
          "diniamo",
          "systems"
        ]
      },
      "locked": {
        "lastModified": 1754720805,
        "narHash": "sha256-AdeDSk+ip4U2Eio2NT2Gs7UURE2iycUnyXC+bq8U3kI=",
        "owner": "diniamo",
        "repo": "nq",
        "rev": "c78867eb96b4f78e81b2892f341554d8cc9cf276",
        "type": "github"
      },
      "original": {
        "owner": "diniamo",
        "repo": "nq",
        "type": "github"
      }
    },
    "root": {
      "inputs": {
        "catppuccin": "catppuccin",
        "diniamo": "diniamo",
        "dms": "dms",
        "fish-fzf-bd": "fish-fzf-bd",
        "fish-ghq": "fish-ghq",
        "flake-parts": "flake-parts_2",
        "home-manager": "home-manager",
        "my": "my",
        "niri-flake": "niri-flake",
        "nixpkgs": "nixpkgs_3",
        "vicinae": "vicinae",
        "zen-browser": "zen-browser"
      }
    },
    "rust-analyzer-src": {
      "flake": false,
      "locked": {
        "lastModified": 1753540496,
        "narHash": "sha256-BB8YntBL5sv6ZwuPz5bz7vL6f6LOHUHDct9yWvcQvvI=",
        "owner": "rust-lang",
        "repo": "rust-analyzer",
        "rev": "ea413f67a8f730b4211c09e103f8207c62e7dbc3",
        "type": "github"
      },
      "original": {
        "owner": "rust-lang",
        "ref": "nightly",
        "repo": "rust-analyzer",
        "type": "github"
      }
    },
    "soulver-cpp": {
      "inputs": {
        "nixpkgs": "nixpkgs_5",
        "nixpkgs-libxml2": "nixpkgs-libxml2"
      },
      "locked": {
        "lastModified": 1783621734,
        "narHash": "sha256-YBFO+aurlz2y2hTRN1Kl0RjX6JzHn0mYBmt4zb436Yg=",
        "owner": "vicinaehq",
        "repo": "soulver-cpp",
        "rev": "00e926e2bd03118638c88981f6a67bfa107210c2",
        "type": "github"
      },
      "original": {
        "owner": "vicinaehq",
        "repo": "soulver-cpp",
        "type": "github"
      }
    },
    "systems": {
      "locked": {
        "lastModified": 1689347949,
        "narHash": "sha256-12tWmuL2zgBgZkdoB6qXZsgJEH9LR3oUgpaQq2RbI80=",
        "owner": "nix-systems",
        "repo": "default-linux",
        "rev": "31732fcf5e8fea42e59c2488ad31a0e651500f68",
        "type": "github"
      },
      "original": {
        "owner": "nix-systems",
        "repo": "default-linux",
        "type": "github"
      }
    },
    "systems_2": {
      "locked": {
        "lastModified": 1681028828,
        "narHash": "sha256-Vy1rq5AaRuLzOxct8nz4T6wlgyUR7zLU309k9mBC768=",
        "owner": "nix-systems",
        "repo": "default",
        "rev": "da67096a3b9bf56a91d16901293e51ba5b49a27e",
        "type": "github"
      },
      "original": {
        "owner": "nix-systems",
        "repo": "default",
        "type": "github"
      }
    },
    "vicinae": {
      "inputs": {
        "nixpkgs": "nixpkgs_4",
        "soulver-cpp": "soulver-cpp",
        "systems": "systems_2"
      },
      "locked": {
        "lastModified": 1785823793,
        "narHash": "sha256-iGKyp+peQzXI0T9LzYmRHr2tevkbhF5GfzDlVldVm2Q=",
        "owner": "vicinaehq",
        "repo": "vicinae",
        "rev": "b3130be7b480817d2255b4781476a91593267afb",
        "type": "github"
      },
      "original": {
        "owner": "vicinaehq",
        "repo": "vicinae",
        "type": "github"
      }
    },
    "watt": {
      "inputs": {
        "nixpkgs": [
          "diniamo",
          "nixpkgs"
        ]
      },
      "locked": {
        "lastModified": 1754314403,
        "narHash": "sha256-pETi/Fs+8FF2ZuE+JyK9+NcFaDPMHx71UdWgmzjxvkQ=",
        "owner": "NotAShelf",
        "repo": "watt",
        "rev": "f68a9795616699870d213dc9e641dab655aa434a",
        "type": "github"
      },
      "original": {
        "owner": "NotAShelf",
        "repo": "watt",
        "type": "github"
      }
    },
    "wiremix": {
      "inputs": {
        "nixpkgs": [
          "diniamo",
          "nixpkgs"
        ],
        "systems": [
          "diniamo",
          "systems"
        ]
      },
      "locked": {
        "lastModified": 1768624622,
        "narHash": "sha256-pNzTPqTa3NkRnp3AC7GH5P3UzoJ7u52IMm38CBmITw0=",
        "owner": "tsowell",
        "repo": "wiremix",
        "rev": "831707ff273b0a77ca23a55e3db39871d3e980b0",
        "type": "github"
      },
      "original": {
        "owner": "tsowell",
        "repo": "wiremix",
        "type": "github"
      }
    },
    "xwayland-satellite-stable": {
      "flake": false,
      "locked": {
        "lastModified": 1755491097,
        "narHash": "sha256-m+9tUfsmBeF2Gn4HWa6vSITZ4Gz1eA1F5Kh62B0N4oE=",
        "owner": "Supreeeme",
        "repo": "xwayland-satellite",
        "rev": "388d291e82ffbc73be18169d39470f340707edaa",
        "type": "github"
      },
      "original": {
        "owner": "Supreeeme",
        "ref": "v0.7",
        "repo": "xwayland-satellite",
        "type": "github"
      }
    },
    "xwayland-satellite-unstable": {
      "flake": false,
      "locked": {
        "lastModified": 1784679892,
        "narHash": "sha256-Mb7jpqnrcYCfNSItIkkHpuR3YxWFxPuIBfcwNKlRBkk=",
        "owner": "Supreeeme",
        "repo": "xwayland-satellite",
        "rev": "8d135d3b2854b30fd01ea6cd6c27e523dd50a839",
        "type": "github"
      },
      "original": {
        "owner": "Supreeeme",
        "repo": "xwayland-satellite",
        "type": "github"
      }
    },
    "zen-browser": {
      "inputs": {
        "home-manager": "home-manager_2",
        "nixpkgs": [
          "nixpkgs"
        ]
      },
      "locked": {
        "lastModified": 1785830592,
        "narHash": "sha256-4lqvnaiXkjbMCYUkgDqkkPaD40ln0r0bCIz5pGu17EU=",
        "owner": "0xc000022070",
        "repo": "zen-browser-flake",
        "rev": "3eb64fada36de0780703158ef9b1063ba697c24a",
        "type": "github"
      },
      "original": {
        "owner": "0xc000022070",
        "repo": "zen-browser-flake",
        "type": "github"
      }
    }
  },
  "root": "root",
  "version": 7
}
