{
  "nodes": {
    "catppuccin": {
      "inputs": {
        "nixpkgs": "nixpkgs"
      },
      "locked": {
        "lastModified": 1780755633,
        "narHash": "sha256-2NZLaQTroHWrXHOeBJhHD7cb8nM4BnlAMNoxIUqs/Os=",
        "owner": "catppuccin",
        "repo": "nix",
        "rev": "71770b00f2b97631339026e78b4a045cd9aee6f3",
        "type": "github"
      },
      "original": {
        "owner": "catppuccin",
        "repo": "nix",
        "type": "github"
      }
    },
    "diniamo": {
      "inputs": {
        "dsync": "dsync",
        "flake-parts": "flake-parts",
        "flint": "flint",
        "nixpkgs": [
          "nixpkgs"
        ],
        "nq": "nq",
        "systems": "systems",
        "watt": "watt",
        "wiremix": "wiremix"
      },
      "locked": {
        "lastModified": 1770459190,
        "narHash": "sha256-WQLwbfnl1NsSUpF08KmGgY0TgX93qXbBc2H4Fxqp7zM=",
        "owner": "diniamo",
        "repo": "niqspkgs",
        "rev": "d3ecf69607638ff323ea735d71cca826d4e70098",
        "type": "github"
      },
      "original": {
        "owner": "diniamo",
        "repo": "niqspkgs",
        "type": "github"
      }
    },
    "dix": {
      "inputs": {
        "fenix": "fenix",
        "nixpkgs": [
          "diniamo",
          "nq",
          "nixpkgs"
        ],
        "systems": [
          "diniamo",
          "nq",
          "systems"
        ]
      },
      "locked": {
        "lastModified": 1753646251,
        "narHash": "sha256-Gq5Nr6xVGpAf1XnYrmoeyvqVgffAi8R6QETJU3xv22M=",
        "owner": "bloxx12",
        "repo": "dix",
        "rev": "28ba934ac190e637d520ff3055f786077729638e",
        "type": "github"
      },
      "original": {
        "owner": "bloxx12",
        "repo": "dix",
        "type": "github"
      }
    },
    "dms": {
      "inputs": {
        "flake-compat": "flake-compat",
        "nixpkgs": [
          "nixpkgs"
        ]
      },
      "locked": {
        "lastModified": 1780788292,
        "narHash": "sha256-n/NmYMWz/pBXwe6oD+d15T1Eu5nKwm+V1aSJtbBJUCc=",
        "owner": "AvengeMedia",
        "repo": "DankMaterialShell",
        "rev": "8155970ba2861d1b5e3e25dc3d91bb34643ceedb",
        "type": "github"
      },
      "original": {
        "owner": "AvengeMedia",
        "repo": "DankMaterialShell",
        "type": "github"
      }
    },
    "dsync": {
      "inputs": {
        "nixpkgs": [
          "diniamo",
          "nixpkgs"
        ],
        "systems": [
          "diniamo",
          "systems"
        ]
      },
      "locked": {
        "lastModified": 1753520198,
        "narHash": "sha256-lzzD4+VngxxHyGXf7nG1EDixV8tE52E32doPBJBwK20=",
        "owner": "diniamo",
        "repo": "dsync",
        "rev": "3e6126425a82b7c83034f5f4206e0cca972acfd0",
        "type": "github"
      },
      "original": {
        "owner": "diniamo",
        "repo": "dsync",
        "type": "github"
      }
    },
    "fenix": {
      "inputs": {
        "nixpkgs": [
          "diniamo",
          "nq",
          "dix",
          "nixpkgs"
        ],
        "rust-analyzer-src": "rust-analyzer-src"
      },
      "locked": {
        "lastModified": 1753598717,
        "narHash": "sha256-Kn5J8HDd+k51c72upNc9IKmIaqN+AqrZfhcU5rDEMHo=",
        "owner": "nix-community",
        "repo": "fenix",
        "rev": "1dd2e6a479e1d6210d67bf10a119e10c508d9b5f",
        "type": "github"
      },
      "original": {
        "owner": "nix-community",
        "repo": "fenix",
        "type": "github"
      }
    },
    "fish-fzf-bd": {
      "flake": false,
      "locked": {
        "lastModified": 1737971088,
        "narHash": "sha256-NAErU+F7CTf0wOfR1zfxw2TRBLPIHe5QDjEhyjCNLJE=",
        "owner": "yuys13",
        "repo": "fish-fzf-bd",
        "rev": "fcbe9f6a75510365638dc6f790544c55ecb0ec3b",
        "type": "github"
      },
      "original": {
        "owner": "yuys13",
        "repo": "fish-fzf-bd",
        "type": "github"
      }
    },
    "fish-ghq": {
      "flake": false,
      "locked": {
        "lastModified": 1626409029,
        "narHash": "sha256-6b1zmjtemNLNPx4qsXtm27AbtjwIZWkzJAo21/aVZzM=",
        "owner": "decors",
        "repo": "fish-ghq",
        "rev": "cafaaabe63c124bf0714f89ec715cfe9ece87fa2",
        "type": "github"
      },
      "original": {
        "owner": "decors",
        "repo": "fish-ghq",
        "type": "github"
      }
    },
    "flake-compat": {
      "flake": false,
      "locked": {
        "lastModified": 1767039857,
        "narHash": "sha256-vNpUSpF5Nuw8xvDLj2KCwwksIbjua2LZCqhV1LNRDns=",
        "owner": "NixOS",
        "repo": "flake-compat",
        "rev": "5edf11c44bc78a0d334f6334cdaf7d60d732daab",
        "type": "github"
      },
      "original": {
        "owner": "NixOS",
        "repo": "flake-compat",
        "type": "github"
      }
    },
    "flake-parts": {
      "inputs": {
        "nixpkgs-lib": [
          "diniamo",
          "nixpkgs"
        ]
      },
      "locked": {
        "lastModified": 1768135262,
        "narHash": "sha256-PVvu7OqHBGWN16zSi6tEmPwwHQ4rLPU9Plvs8/1TUBY=",
        "owner": "hercules-ci",
        "repo": "flake-parts",
        "rev": "80daad04eddbbf5a4d883996a73f3f542fa437ac",
        "type": "github"
      },
      "original": {
        "owner": "hercules-ci",
        "repo": "flake-parts",
        "type": "github"
      }
    },
    "flake-parts_2": {
      "inputs": {
        "nixpkgs-lib": "nixpkgs-lib"
      },
      "locked": {
        "lastModified": 1778716662,
        "narHash": "sha256-m1Yf0wZ8j1OHjTc2UwHwyQRSnNeSgLJOd7q5Y45hzi4=",
        "owner": "hercules-ci",
        "repo": "flake-parts",
        "rev": "f7c1a2d347e4c52d5fb8d10cb4d94b5884e546fb",
        "type": "github"
      },
      "original": {
        "owner": "hercules-ci",
        "repo": "flake-parts",
        "type": "github"
      }
    },
    "flake-parts_3": {
      "inputs": {
        "nixpkgs-lib": "nixpkgs-lib_2"
      },
      "locked": {
        "lastModified": 1768135262,
        "narHash": "sha256-PVvu7OqHBGWN16zSi6tEmPwwHQ4rLPU9Plvs8/1TUBY=",
        "owner": "hercules-ci",
        "repo": "flake-parts",
        "rev": "80daad04eddbbf5a4d883996a73f3f542fa437ac",
        "type": "github"
      },
      "original": {
        "owner": "hercules-ci",
        "repo": "flake-parts",
        "type": "github"
      }
    },
    "flint": {
      "inputs": {
        "nixpkgs": [
          "diniamo",
          "nixpkgs"
        ]
      },
      "locked": {
        "lastModified": 1767431140,
        "narHash": "sha256-ug37Jt6r8LP3161suTh6IW+fkx0a7kiSAhAPsVcPrkA=",
        "owner": "NotAShelf",
        "repo": "flint",
        "rev": "7832a5b5f5ef1243818f8f5e357ad1ee2d35d2b7",
        "type": "github"
      },
      "original": {
        "owner": "NotAShelf",
        "repo": "flint",
        "type": "github"
      }
    },
    "home-manager": {
      "inputs": {
        "nixpkgs": [
          "nixpkgs"
        ]
      },
      "locked": {
        "lastModified": 1780679734,
        "narHash": "sha256-KmRNvpNOb7QEORa06bVgjW9kITcx0VhsI7w0vhmZyD8=",
        "owner": "nix-community",
        "repo": "home-manager",
        "rev": "b2b7db486e06e098711dc291bb25db82850e1d16",
        "type": "github"
      },
      "original": {
        "owner": "nix-community",
        "repo": "home-manager",
        "type": "github"
      }
    },
    "home-manager_2": {
      "inputs": {
        "nixpkgs": [
          "zen-browser",
          "nixpkgs"
        ]
      },
      "locked": {
        "lastModified": 1780515920,
        "narHash": "sha256-8KX2hEeOX6KP3hBBJJI8dGWVrzbOOf1rBPmg/GUG24U=",
        "owner": "nix-community",
        "repo": "home-manager",
        "rev": "4c5c1e8ba14f1c7475fa31ff11bc1c19cd220974",
        "type": "github"
      },
      "original": {
        "owner": "nix-community",
        "repo": "home-manager",
        "type": "github"
      }
    },
    "my": {
      "inputs": {
        "flake-parts": "flake-parts_3",
        "nixpkgs": [
          "nixpkgs"
        ]
      },
      "locked": {
        "lastModified": 1780844877,
        "narHash": "sha256-wc9IWX2d2VnnvnN4cMqA0w83dppZtFsGDVNBK/g+dyQ=",
        "owner": "hikuohiku",
        "repo": "dots-nix",
        "rev": "78a801e44347c47e5d02fb5f909d5c48513091d0",
        "type": "github"
      },
      "original": {
        "owner": "hikuohiku",
        "repo": "dots-nix",
        "type": "github"
      }
    },
    "niri-flake": {
      "inputs": {
        "niri-stable": "niri-stable",
        "niri-unstable": "niri-unstable",
        "nixpkgs": "nixpkgs_2",
        "nixpkgs-stable": "nixpkgs-stable",
        "xwayland-satellite-stable": "xwayland-satellite-stable",
        "xwayland-satellite-unstable": "xwayland-satellite-unstable"
      },
      "locked": {
        "lastModified": 1780694373,
        "narHash": "sha256-wuj6QmOlLsGjBOut+Ki/hiOT/H5ONzBePqOkOolsNfo=",
        "owner": "sodiboo",
        "repo": "niri-flake",
        "rev": "8f7043c852210cd0875a1bbe9ca872c90ab5ac74",
        "type": "github"
      },
      "original": {
        "owner": "sodiboo",
        "repo": "niri-flake",
        "type": "github"
      }
    },
    "niri-stable": {
      "flake": false,
      "locked": {
        "lastModified": 1756556321,
        "narHash": "sha256-RLD89dfjN0RVO86C/Mot0T7aduCygPGaYbog566F0Qo=",
        "owner": "YaLTeR",
        "repo": "niri",
        "rev": "01be0e65f4eb91a9cd624ac0b76aaeab765c7294",
        "type": "github"
      },
      "original": {
        "owner": "YaLTeR",
        "ref": "v25.08",
        "repo": "niri",
        "type": "github"
      }
    },
    "niri-unstable": {
      "flake": false,
      "locked": {
        "lastModified": 1780637332,
        "narHash": "sha256-FeKyLRxLZu2EUnhifijZPDZRl0sVnPVHMtizAINNiN4=",
        "owner": "YaLTeR",
        "repo": "niri",
        "rev": "f717ae030fe56fc52522ebef69f17f3f09064ac4",
        "type": "github"
      },
      "original": {
        "owner": "YaLTeR",
        "repo": "niri",
        "type": "github"
      }
    },
    "nixpkgs": {
      "locked": {
        "lastModified": 1780365719,
        "narHash": "sha256-JX05Ms/dk0c+UoW9IqQriB53HNZFckX9Qd3EJqmcqEw=",
        "rev": "ffa10e26ae11d676b2db836259889f1f571cb14f",
        "type": "tarball",
        "url": "https://releases.nixos.org/nixpkgs/nixpkgs-26.11pre1009182.ffa10e26ae11/nixexprs.tar.xz"
      },
      "original": {
        "type": "tarball",
        "url": "https://channels.nixos.org/nixpkgs-unstable/nixexprs.tar.xz"
      }
    },
    "nixpkgs-lib": {
      "locked": {
        "lastModified": 1777168982,
        "narHash": "sha256-GOkGPcboWE9BmGCRMLX3worL4EMnsnG8MyKmXNeYuhQ=",
        "owner": "nix-community",
        "repo": "nixpkgs.lib",
        "rev": "f5901329dade4a6ea039af1433fb087bd9c1fe14",
        "type": "github"
      },
      "original": {
        "owner": "nix-community",
        "repo": "nixpkgs.lib",
        "type": "github"
      }
    },
    "nixpkgs-lib_2": {
      "locked": {
        "lastModified": 1765674936,
        "narHash": "sha256-k00uTP4JNfmejrCLJOwdObYC9jHRrr/5M/a/8L2EIdo=",
        "owner": "nix-community",
        "repo": "nixpkgs.lib",
        "rev": "2075416fcb47225d9b68ac469a5c4801a9c4dd85",
        "type": "github"
      },
      "original": {
        "owner": "nix-community",
        "repo": "nixpkgs.lib",
        "type": "github"
      }
    },
    "nixpkgs-stable": {
      "locked": {
        "lastModified": 1780511130,
        "narHash": "sha256-2v9lT4ya59Lh1FqPeLnz1MoX9y/wz2huqfe9RtQZITk=",
        "owner": "NixOS",
        "repo": "nixpkgs",
        "rev": "535f3e6942cb1cead3929c604320d3db54b542b9",
        "type": "github"
      },
      "original": {
        "owner": "NixOS",
        "ref": "nixos-25.11",
        "repo": "nixpkgs",
        "type": "github"
      }
    },
    "nixpkgs_2": {
      "locked": {
        "lastModified": 1780243769,
        "narHash": "sha256-x5UQuRsH3MqI0U9afaXSNqzTPSeZlRLvFAav2Ux1pNw=",
        "owner": "NixOS",
        "repo": "nixpkgs",
        "rev": "331800de5053fcebacf6813adb5db9c9dca22a0c",
        "type": "github"
      },
      "original": {
        "owner": "NixOS",
        "ref": "nixos-unstable",
        "repo": "nixpkgs",
        "type": "github"
      }
    },
    "nixpkgs_3": {
      "locked": {
        "lastModified": 1780747962,
        "narHash": "sha256-IX7G1dlKrOqPOImfbo7ADDfV5yU1+j+MRChI3TL4tAA=",
        "owner": "NixOS",
        "repo": "nixpkgs",
        "rev": "cbb5cf358f50aa6acc9efd6113b7bcfbc352cd73",
        "type": "github"
      },
      "original": {
        "owner": "NixOS",
        "ref": "nixpkgs-unstable",
        "repo": "nixpkgs",
        "type": "github"
      }
    },
    "nq": {
      "inputs": {
        "dix": "dix",
        "flake-parts": [
          "diniamo",
          "flake-parts"
        ],
        "nixpkgs": [
          "diniamo",
          "nixpkgs"
        ],
        "systems": [
          "diniamo",
          "systems"
        ]
      },
      "locked": {
        "lastModified": 1754720805,
        "narHash": "sha256-AdeDSk+ip4U2Eio2NT2Gs7UURE2iycUnyXC+bq8U3kI=",
        "owner": "diniamo",
        "repo": "nq",
        "rev": "c78867eb96b4f78e81b2892f341554d8cc9cf276",
        "type": "github"
      },
      "original": {
        "owner": "diniamo",
        "repo": "nq",
        "type": "github"
      }
    },
    "root": {
      "inputs": {
        "catppuccin": "catppuccin",
        "diniamo": "diniamo",
        "dms": "dms",
        "fish-fzf-bd": "fish-fzf-bd",
        "fish-ghq": "fish-ghq",
        "flake-parts": "flake-parts_2",
        "home-manager": "home-manager",
        "my": "my",
        "niri-flake": "niri-flake",
        "nixpkgs": "nixpkgs_3",
        "vicinae": "vicinae",
        "zen-browser": "zen-browser"
      }
    },
    "rust-analyzer-src": {
      "flake": false,
      "locked": {
        "lastModified": 1753540496,
        "narHash": "sha256-BB8YntBL5sv6ZwuPz5bz7vL6f6LOHUHDct9yWvcQvvI=",
        "owner": "rust-lang",
        "repo": "rust-analyzer",
        "rev": "ea413f67a8f730b4211c09e103f8207c62e7dbc3",
        "type": "github"
      },
      "original": {
        "owner": "rust-lang",
        "ref": "nightly",
        "repo": "rust-analyzer",
        "type": "github"
      }
    },
    "systems": {
      "locked": {
        "lastModified": 1689347949,
        "narHash": "sha256-12tWmuL2zgBgZkdoB6qXZsgJEH9LR3oUgpaQq2RbI80=",
        "owner": "nix-systems",
        "repo": "default-linux",
        "rev": "31732fcf5e8fea42e59c2488ad31a0e651500f68",
        "type": "github"
      },
      "original": {
        "owner": "nix-systems",
        "repo": "default-linux",
        "type": "github"
      }
    },
    "systems_2": {
      "locked": {
        "lastModified": 1681028828,
        "narHash": "sha256-Vy1rq5AaRuLzOxct8nz4T6wlgyUR7zLU309k9mBC768=",
        "owner": "nix-systems",
        "repo": "default",
        "rev": "da67096a3b9bf56a91d16901293e51ba5b49a27e",
        "type": "github"
      },
      "original": {
        "owner": "nix-systems",
        "repo": "default",
        "type": "github"
      }
    },
    "vicinae": {
      "inputs": {
        "nixpkgs": [
          "nixpkgs"
        ],
        "systems": "systems_2"
      },
      "locked": {
        "lastModified": 1780793030,
        "narHash": "sha256-0sbiSfboFg04dVWIo27xchmgLsINslYYuQHHIl9pn0c=",
        "owner": "vicinaehq",
        "repo": "vicinae",
        "rev": "28f39cb5288de43d67d6ba0e6c09776f1e2d4654",
        "type": "github"
      },
      "original": {
        "owner": "vicinaehq",
        "repo": "vicinae",
        "type": "github"
      }
    },
    "watt": {
      "inputs": {
        "nixpkgs": [
          "diniamo",
          "nixpkgs"
        ]
      },
      "locked": {
        "lastModified": 1754314403,
        "narHash": "sha256-pETi/Fs+8FF2ZuE+JyK9+NcFaDPMHx71UdWgmzjxvkQ=",
        "owner": "NotAShelf",
        "repo": "watt",
        "rev": "f68a9795616699870d213dc9e641dab655aa434a",
        "type": "github"
      },
      "original": {
        "owner": "NotAShelf",
        "repo": "watt",
        "type": "github"
      }
    },
    "wiremix": {
      "inputs": {
        "nixpkgs": [
          "diniamo",
          "nixpkgs"
        ],
        "systems": [
          "diniamo",
          "systems"
        ]
      },
      "locked": {
        "lastModified": 1768624622,
        "narHash": "sha256-pNzTPqTa3NkRnp3AC7GH5P3UzoJ7u52IMm38CBmITw0=",
        "owner": "tsowell",
        "repo": "wiremix",
        "rev": "831707ff273b0a77ca23a55e3db39871d3e980b0",
        "type": "github"
      },
      "original": {
        "owner": "tsowell",
        "repo": "wiremix",
        "type": "github"
      }
    },
    "xwayland-satellite-stable": {
      "flake": false,
      "locked": {
        "lastModified": 1755491097,
        "narHash": "sha256-m+9tUfsmBeF2Gn4HWa6vSITZ4Gz1eA1F5Kh62B0N4oE=",
        "owner": "Supreeeme",
        "repo": "xwayland-satellite",
        "rev": "388d291e82ffbc73be18169d39470f340707edaa",
        "type": "github"
      },
      "original": {
        "owner": "Supreeeme",
        "ref": "v0.7",
        "repo": "xwayland-satellite",
        "type": "github"
      }
    },
    "xwayland-satellite-unstable": {
      "flake": false,
      "locked": {
        "lastModified": 1779745227,
        "narHash": "sha256-yqY7RtEJGJiENzR0GwL6q69tSAy6xAAmAcLuIhLjPf8=",
        "owner": "Supreeeme",
        "repo": "xwayland-satellite",
        "rev": "5d1efbc9dc3ab1c10160b656e0247f3325daf0f2",
        "type": "github"
      },
      "original": {
        "owner": "Supreeeme",
        "repo": "xwayland-satellite",
        "type": "github"
      }
    },
    "zen-browser": {
      "inputs": {
        "home-manager": "home-manager_2",
        "nixpkgs": [
          "nixpkgs"
        ]
      },
      "locked": {
        "lastModified": 1780779947,
        "narHash": "sha256-arzemFzhfyQsH/oEFActojNHYPbGyUgz0SjZyNtLOJU=",
        "owner": "0xc000022070",
        "repo": "zen-browser-flake",
        "rev": "1f63037ce09ed6f29b00e2b24d691a0741be1f1b",
        "type": "github"
      },
      "original": {
        "owner": "0xc000022070",
        "repo": "zen-browser-flake",
        "type": "github"
      }
    }
  },
  "root": "root",
  "version": 7
}
